
Microsoft Visual Studio Solution File, Format Version 12.00
# Visual Studio Version 17
VisualStudioVersion = 17.9.34728.123
MinimumVisualStudioVersion = 10.0.40219.1
Project("{FAE04EC0-301F-11D3-BF4B-00C04F79EFBC}") = "OAIP_12", "OAIP_12\OAIP_12.csproj", "{DB4F59B3-7E5C-4563-8E24-308EBCABF2D4}"
EndProject
Global
	GlobalSection(SolutionConfigurationPlatforms) = preSolution
		Debug|Any CPU = Debug|Any CPU
		Release|Any CPU = Release|Any CPU
	EndGlobalSection
	GlobalSection(ProjectConfigurationPlatforms) = postSolution
		{DB4F59B3-7E5C-4563-8E24-308EBCABF2D4}.Debug|Any CPU.ActiveCfg = Debug|Any CPU
		{DB4F59B3-7E5C-4563-8E24-308EBCABF2D4}.Debug|Any CPU.Build.0 = Debug|Any CPU
		{DB4F59B3-7E5C-4563-8E24-308EBCABF2D4}.Release|Any CPU.ActiveCfg = Release|Any CPU
		{DB4F59B3-7E5C-4563-8E24-308EBCABF2D4}.Release|Any CPU.Build.0 = Release|Any CPU
	EndGlobalSection
	GlobalSection(SolutionProperties) = preSolution
		HideSolutionNode = FALSE
	EndGlobalSection
	GlobalSection(ExtensibilityGlobals) = postSolution
		SolutionGuid = {CCAF361B-E0FF-48AC-8E94-54AACF55C8D3}
	EndGlobalSection
EndGlobal
